
Microsoft Visual Studio Solution File, Format Version 12.00
# Visual Studio Version 17
VisualStudioVersion = 17.7.34221.43
MinimumVisualStudioVersion = 10.0.40219.1
Project("{9A19103F-16F7-4668-BE54-9A1E7A4F7556}") = "EaseTrail.WebApp", "EaseTrail.WebApp\EaseTrail.WebApp.csproj", "{968D627F-1294-4EC7-8CD6-9CA7E68E22B2}"
EndProject
Global
	GlobalSection(SolutionConfigurationPlatforms) = preSolution
		Debug|Any CPU = Debug|Any CPU
		Release|Any CPU = Release|Any CPU
	EndGlobalSection
	GlobalSection(ProjectConfigurationPlatforms) = postSolution
		{968D627F-1294-4EC7-8CD6-9CA7E68E22B2}.Debug|Any CPU.ActiveCfg = Debug|Any CPU
		{968D627F-1294-4EC7-8CD6-9CA7E68E22B2}.Debug|Any CPU.Build.0 = Debug|Any CPU
		{968D627F-1294-4EC7-8CD6-9CA7E68E22B2}.Release|Any CPU.ActiveCfg = Release|Any CPU
		{968D627F-1294-4EC7-8CD6-9CA7E68E22B2}.Release|Any CPU.Build.0 = Release|Any CPU
	EndGlobalSection
	GlobalSection(SolutionProperties) = preSolution
		HideSolutionNode = FALSE
	EndGlobalSection
	GlobalSection(ExtensibilityGlobals) = postSolution
		SolutionGuid = {7DF95F85-ABCA-4784-9D2B-DCEF4A267B39}
	EndGlobalSection
EndGlobal
